
Microsoft Visual Studio Solution File, Format Version 12.00
# Visual Studio Version 17
VisualStudioVersion = 17.7.34202.233
MinimumVisualStudioVersion = 10.0.40219.1
Project("{FAE04EC0-301F-11D3-BF4B-00C04F79EFBC}") = "Medical Service", "Medical Service\Medical Service.csproj", "{09B7D9C2-3B11-4BE5-A141-9F166515F96B}"
EndProject
Global
	GlobalSection(SolutionConfigurationPlatforms) = preSolution
		Debug|Any CPU = Debug|Any CPU
		Release|Any CPU = Release|Any CPU
	EndGlobalSection
	GlobalSection(ProjectConfigurationPlatforms) = postSolution
		{09B7D9C2-3B11-4BE5-A141-9F166515F96B}.Debug|Any CPU.ActiveCfg = Debug|Any CPU
		{09B7D9C2-3B11-4BE5-A141-9F166515F96B}.Debug|Any CPU.Build.0 = Debug|Any CPU
		{09B7D9C2-3B11-4BE5-A141-9F166515F96B}.Release|Any CPU.ActiveCfg = Release|Any CPU
		{09B7D9C2-3B11-4BE5-A141-9F166515F96B}.Release|Any CPU.Build.0 = Release|Any CPU
	EndGlobalSection
	GlobalSection(SolutionProperties) = preSolution
		HideSolutionNode = FALSE
	EndGlobalSection
	GlobalSection(ExtensibilityGlobals) = postSolution
		SolutionGuid = {11F5C98A-BB21-431F-A62C-F08BBE65FAFA}
	EndGlobalSection
EndGlobal
